
Microsoft Visual Studio Solution File, Format Version 12.00
# Visual Studio 14
VisualStudioVersion = 14.0.25123.0
MinimumVisualStudioVersion = 10.0.40219.1
Project("{2150E333-8FDC-42A3-9474-1A3956D46DE8}") = "src", "src", "{B60D72DD-8194-4298-A235-1219843E18D2}"
EndProject
Project("{2150E333-8FDC-42A3-9474-1A3956D46DE8}") = "Solution Items", "Solution Items", "{650EC515-6D2A-4712-BD30-9CE3BA31FF2C}"
	ProjectSection(SolutionItems) = preProject
		global.json = global.json
	EndProjectSection
EndProject
Project("{8BB2217D-0F2D-49D1-97BC-3654ED321F3B}") = "Empusa.Api", "src\Empusa.Api\Empusa.Api.xproj", "{F4768858-973D-4B2E-9C0E-B496A8169E6B}"
EndProject
Project("{8BB2217D-0F2D-49D1-97BC-3654ED321F3B}") = "Empusa.Ui", "src\Empusa.Ui\Empusa.Ui.xproj", "{CA13B39B-2D7C-4255-BDDC-878550D5AA3B}"
EndProject
Project("{2150E333-8FDC-42A3-9474-1A3956D46DE8}") = "tests", "tests", "{E022AC68-409B-4EBF-86DC-A3FD4DF557B4}"
EndProject
Project("{FAE04EC0-301F-11D3-BF4B-00C04F79EFBC}") = "Empusa.Api.Tests", "Empusa.Api.Tests\Empusa.Api.Tests.csproj", "{61F3AC0B-091F-438D-9F7A-68A57043A5A6}"
EndProject
Global
	GlobalSection(SolutionConfigurationPlatforms) = preSolution
		Debug|Any CPU = Debug|Any CPU
		Release|Any CPU = Release|Any CPU
	EndGlobalSection
	GlobalSection(ProjectConfigurationPlatforms) = postSolution
		{F4768858-973D-4B2E-9C0E-B496A8169E6B}.Debug|Any CPU.ActiveCfg = Debug|Any CPU
		{F4768858-973D-4B2E-9C0E-B496A8169E6B}.Debug|Any CPU.Build.0 = Debug|Any CPU
		{F4768858-973D-4B2E-9C0E-B496A8169E6B}.Release|Any CPU.ActiveCfg = Release|Any CPU
		{F4768858-973D-4B2E-9C0E-B496A8169E6B}.Release|Any CPU.Build.0 = Release|Any CPU
		{CA13B39B-2D7C-4255-BDDC-878550D5AA3B}.Debug|Any CPU.ActiveCfg = Debug|Any CPU
		{CA13B39B-2D7C-4255-BDDC-878550D5AA3B}.Debug|Any CPU.Build.0 = Debug|Any CPU
		{CA13B39B-2D7C-4255-BDDC-878550D5AA3B}.Release|Any CPU.ActiveCfg = Release|Any CPU
		{CA13B39B-2D7C-4255-BDDC-878550D5AA3B}.Release|Any CPU.Build.0 = Release|Any CPU
		{61F3AC0B-091F-438D-9F7A-68A57043A5A6}.Debug|Any CPU.ActiveCfg = Debug|Any CPU
		{61F3AC0B-091F-438D-9F7A-68A57043A5A6}.Debug|Any CPU.Build.0 = Debug|Any CPU
		{61F3AC0B-091F-438D-9F7A-68A57043A5A6}.Release|Any CPU.ActiveCfg = Release|Any CPU
		{61F3AC0B-091F-438D-9F7A-68A57043A5A6}.Release|Any CPU.Build.0 = Release|Any CPU
	EndGlobalSection
	GlobalSection(SolutionProperties) = preSolution
		HideSolutionNode = FALSE
	EndGlobalSection
	GlobalSection(NestedProjects) = preSolution
		{F4768858-973D-4B2E-9C0E-B496A8169E6B} = {B60D72DD-8194-4298-A235-1219843E18D2}
		{CA13B39B-2D7C-4255-BDDC-878550D5AA3B} = {B60D72DD-8194-4298-A235-1219843E18D2}
		{61F3AC0B-091F-438D-9F7A-68A57043A5A6} = {E022AC68-409B-4EBF-86DC-A3FD4DF557B4}
	EndGlobalSection
EndGlobal
